
Microsoft Visual Studio Solution File, Format Version 12.00
# Visual Studio Version 17
VisualStudioVersion = 17.13.35828.75 d17.13
MinimumVisualStudioVersion = 10.0.40219.1
Project("{FAE04EC0-301F-11D3-BF4B-00C04F79EFBC}") = "Sistema Bancário", "Sistema Bancário\Sistema Bancário.csproj", "{D7D358CF-A43F-4D17-B3AE-0B7F75BB41FD}"
EndProject
Global
	GlobalSection(SolutionConfigurationPlatforms) = preSolution
		Debug|Any CPU = Debug|Any CPU
		Release|Any CPU = Release|Any CPU
	EndGlobalSection
	GlobalSection(ProjectConfigurationPlatforms) = postSolution
		{D7D358CF-A43F-4D17-B3AE-0B7F75BB41FD}.Debug|Any CPU.ActiveCfg = Debug|Any CPU
		{D7D358CF-A43F-4D17-B3AE-0B7F75BB41FD}.Debug|Any CPU.Build.0 = Debug|Any CPU
		{D7D358CF-A43F-4D17-B3AE-0B7F75BB41FD}.Release|Any CPU.ActiveCfg = Release|Any CPU
		{D7D358CF-A43F-4D17-B3AE-0B7F75BB41FD}.Release|Any CPU.Build.0 = Release|Any CPU
	EndGlobalSection
	GlobalSection(SolutionProperties) = preSolution
		HideSolutionNode = FALSE
	EndGlobalSection
	GlobalSection(ExtensibilityGlobals) = postSolution
		SolutionGuid = {C6E84862-C93F-4DEE-B5E8-4B5BF675B3A6}
	EndGlobalSection
EndGlobal
